
Microsoft Visual Studio Solution File, Format Version 12.00
# Visual Studio Version 16
VisualStudioVersion = 16.0.30907.101
MinimumVisualStudioVersion = 10.0.40219.1
Project("{FAE04EC0-301F-11D3-BF4B-00C04F79EFBC}") = "SistemaTaller", "SistemaTaller\SistemaTaller.csproj", "{CA568ABB-2A8E-421C-9EB7-9AF6DB5A5F6F}"
EndProject
Global
	GlobalSection(SolutionConfigurationPlatforms) = preSolution
		Debug|Any CPU = Debug|Any CPU
		Release|Any CPU = Release|Any CPU
	EndGlobalSection
	GlobalSection(ProjectConfigurationPlatforms) = postSolution
		{CA568ABB-2A8E-421C-9EB7-9AF6DB5A5F6F}.Debug|Any CPU.ActiveCfg = Debug|Any CPU
		{CA568ABB-2A8E-421C-9EB7-9AF6DB5A5F6F}.Debug|Any CPU.Build.0 = Debug|Any CPU
		{CA568ABB-2A8E-421C-9EB7-9AF6DB5A5F6F}.Release|Any CPU.ActiveCfg = Release|Any CPU
		{CA568ABB-2A8E-421C-9EB7-9AF6DB5A5F6F}.Release|Any CPU.Build.0 = Release|Any CPU
	EndGlobalSection
	GlobalSection(SolutionProperties) = preSolution
		HideSolutionNode = FALSE
	EndGlobalSection
	GlobalSection(ExtensibilityGlobals) = postSolution
		SolutionGuid = {1AC4E811-D113-4F24-8B25-886F8A6096CB}
	EndGlobalSection
EndGlobal
